// !$*UTF8*$!
{
	archiveVersion = 1;
	classes = {
	};
	objectVersion = 50;
	objects = {

/* Begin PBXBuildFile section */
		5E769A7D24D862010024FECC /* AppDelegate.swift in Sources */ = {isa = PBXBuildFile; fileRef = 5E769A7C24D862010024FECC /* AppDelegate.swift */; };
		5E769A7F24D862010024FECC /* SceneDelegate.swift in Sources */ = {isa = PBXBuildFile; fileRef = 5E769A7E24D862010024FECC /* SceneDelegate.swift */; };
		5E769A8124D862010024FECC /* ListSelectVC.swift in Sources */ = {isa = PBXBuildFile; fileRef = 5E769A8024D862010024FECC /* ListSelectVC.swift */; };
		5E769A8624D862090024FECC /* Assets.xcassets in Resources */ = {isa = PBXBuildFile; fileRef = 5E769A8524D862090024FECC /* Assets.xcassets */; };
		5E769A8924D862090024FECC /* LaunchScreen.storyboard in Resources */ = {isa = PBXBuildFile; fileRef = 5E769A8724D862090024FECC /* LaunchScreen.storyboard */; };
		5E769A9124D86E040024FECC /* ShoppingList.swift in Sources */ = {isa = PBXBuildFile; fileRef = 5E769A9024D86E040024FECC /* ShoppingList.swift */; };
		5E769A9324D86E370024FECC /* Store.swift in Sources */ = {isa = PBXBuildFile; fileRef = 5E769A9224D86E370024FECC /* Store.swift */; };
		5E769A9524D86E4F0024FECC /* ItemLocation.swift in Sources */ = {isa = PBXBuildFile; fileRef = 5E769A9424D86E4F0024FECC /* ItemLocation.swift */; };
		5E769A9724D86F1E0024FECC /* ShoppingItem.swift in Sources */ = {isa = PBXBuildFile; fileRef = 5E769A9624D86F1E0024FECC /* ShoppingItem.swift */; };
		5E769A9924D87AE20024FECC /* ShoppingListCell.swift in Sources */ = {isa = PBXBuildFile; fileRef = 5E769A9824D87AE20024FECC /* ShoppingListCell.swift */; };
		5E769A9B24D87BC70024FECC /* CFTitleLabel.swift in Sources */ = {isa = PBXBuildFile; fileRef = 5E769A9A24D87BC70024FECC /* CFTitleLabel.swift */; };
		5E769A9D24D87D4C0024FECC /* CFSecondaryTitleLabel.swift in Sources */ = {isa = PBXBuildFile; fileRef = 5E769A9C24D87D4C0024FECC /* CFSecondaryTitleLabel.swift */; };
/* End PBXBuildFile section */

/* Begin PBXFileReference section */
		5E769A7924D862010024FECC /* Cart Flow.app */ = {isa = PBXFileReference; explicitFileType = wrapper.application; includeInIndex = 0; path = "Cart Flow.app"; sourceTree = BUILT_PRODUCTS_DIR; };
		5E769A7C24D862010024FECC /* AppDelegate.swift */ = {isa = PBXFileReference; lastKnownFileType = sourcecode.swift; path = AppDelegate.swift; sourceTree = "<group>"; };
		5E769A7E24D862010024FECC /* SceneDelegate.swift */ = {isa = PBXFileReference; lastKnownFileType = sourcecode.swift; path = SceneDelegate.swift; sourceTree = "<group>"; };
		5E769A8024D862010024FECC /* ListSelectVC.swift */ = {isa = PBXFileReference; lastKnownFileType = sourcecode.swift; path = ListSelectVC.swift; sourceTree = "<group>"; };
		5E769A8524D862090024FECC /* Assets.xcassets */ = {isa = PBXFileReference; lastKnownFileType = folder.assetcatalog; path = Assets.xcassets; sourceTree = "<group>"; };
		5E769A8824D862090024FECC /* Base */ = {isa = PBXFileReference; lastKnownFileType = file.storyboard; name = Base; path = Base.lproj/LaunchScreen.storyboard; sourceTree = "<group>"; };
		5E769A8A24D862090024FECC /* Info.plist */ = {isa = PBXFileReference; lastKnownFileType = text.plist.xml; path = Info.plist; sourceTree = "<group>"; };
		5E769A9024D86E040024FECC /* ShoppingList.swift */ = {isa = PBXFileReference; lastKnownFileType = sourcecode.swift; path = ShoppingList.swift; sourceTree = "<group>"; };
		5E769A9224D86E370024FECC /* Store.swift */ = {isa = PBXFileReference; lastKnownFileType = sourcecode.swift; path = Store.swift; sourceTree = "<group>"; };
		5E769A9424D86E4F0024FECC /* ItemLocation.swift */ = {isa = PBXFileReference; lastKnownFileType = sourcecode.swift; path = ItemLocation.swift; sourceTree = "<group>"; };
		5E769A9624D86F1E0024FECC /* ShoppingItem.swift */ = {isa = PBXFileReference; lastKnownFileType = sourcecode.swift; path = ShoppingItem.swift; sourceTree = "<group>"; };
		5E769A9824D87AE20024FECC /* ShoppingListCell.swift */ = {isa = PBXFileReference; lastKnownFileType = sourcecode.swift; path = ShoppingListCell.swift; sourceTree = "<group>"; };
		5E769A9A24D87BC70024FECC /* CFTitleLabel.swift */ = {isa = PBXFileReference; lastKnownFileType = sourcecode.swift; path = CFTitleLabel.swift; sourceTree = "<group>"; };
		5E769A9C24D87D4C0024FECC /* CFSecondaryTitleLabel.swift */ = {isa = PBXFileReference; lastKnownFileType = sourcecode.swift; path = CFSecondaryTitleLabel.swift; sourceTree = "<group>"; };
/* End PBXFileReference section */

/* Begin PBXFrameworksBuildPhase section */
		5E769A7624D862010024FECC /* Frameworks */ = {
			isa = PBXFrameworksBuildPhase;
			buildActionMask = 2147483647;
			files = (
			);
			runOnlyForDeploymentPostprocessing = 0;
		};
/* End PBXFrameworksBuildPhase section */

/* Begin PBXGroup section */
		5E769A7024D862010024FECC = {
			isa = PBXGroup;
			children = (
				5E769A7B24D862010024FECC /* Cart Flow */,
				5E769A7A24D862010024FECC /* Products */,
			);
			sourceTree = "<group>";
		};
		5E769A7A24D862010024FECC /* Products */ = {
			isa = PBXGroup;
			children = (
				5E769A7924D862010024FECC /* Cart Flow.app */,
			);
			name = Products;
			sourceTree = "<group>";
		};
		5E769A7B24D862010024FECC /* Cart Flow */ = {
			isa = PBXGroup;
			children = (
				5E769A7C24D862010024FECC /* AppDelegate.swift */,
				5E769A7E24D862010024FECC /* SceneDelegate.swift */,
				5E769A8024D862010024FECC /* ListSelectVC.swift */,
				5E769A8524D862090024FECC /* Assets.xcassets */,
				5E769A8724D862090024FECC /* LaunchScreen.storyboard */,
				5E769A8A24D862090024FECC /* Info.plist */,
				5E769A9024D86E040024FECC /* ShoppingList.swift */,
				5E769A9224D86E370024FECC /* Store.swift */,
				5E769A9424D86E4F0024FECC /* ItemLocation.swift */,
				5E769A9624D86F1E0024FECC /* ShoppingItem.swift */,
				5E769A9824D87AE20024FECC /* ShoppingListCell.swift */,
				5E769A9A24D87BC70024FECC /* CFTitleLabel.swift */,
				5E769A9C24D87D4C0024FECC /* CFSecondaryTitleLabel.swift */,
			);
			path = "Cart Flow";
			sourceTree = "<group>";
		};
/* End PBXGroup section */

/* Begin PBXNativeTarget section */
		5E769A7824D862010024FECC /* Cart Flow */ = {
			isa = PBXNativeTarget;
			buildConfigurationList = 5E769A8D24D862090024FECC /* Build configuration list for PBXNativeTarget "Cart Flow" */;
			buildPhases = (
				5E769A7524D862010024FECC /* Sources */,
				5E769A7624D862010024FECC /* Frameworks */,
				5E769A7724D862010024FECC /* Resources */,
			);
			buildRules = (
			);
			dependencies = (
			);
			name = "Cart Flow";
			productName = "Cart Flow";
			productReference = 5E769A7924D862010024FECC /* Cart Flow.app */;
			productType = "com.apple.product-type.application";
		};
/* End PBXNativeTarget section */

/* Begin PBXProject section */
		5E769A7124D862010024FECC /* Project object */ = {
			isa = PBXProject;
			attributes = {
				LastSwiftUpdateCheck = 1150;
				LastUpgradeCheck = 1150;
				ORGANIZATIONNAME = "Scott Quintana";
				TargetAttributes = {
					5E769A7824D862010024FECC = {
						CreatedOnToolsVersion = 11.5;
					};
				};
			};
			buildConfigurationList = 5E769A7424D862010024FECC /* Build configuration list for PBXProject "Cart Flow" */;
			compatibilityVersion = "Xcode 9.3";
			developmentRegion = en;
			hasScannedForEncodings = 0;
			knownRegions = (
				en,
				Base,
			);
			mainGroup = 5E769A7024D862010024FECC;
			productRefGroup = 5E769A7A24D862010024FECC /* Products */;
			projectDirPath = "";
			projectRoot = "";
			targets = (
				5E769A7824D862010024FECC /* Cart Flow */,
			);
		};
/* End PBXProject section */

/* Begin PBXResourcesBuildPhase section */
		5E769A7724D862010024FECC /* Resources */ = {
			isa = PBXResourcesBuildPhase;
			buildActionMask = 2147483647;
			files = (
				5E769A8924D862090024FECC /* LaunchScreen.storyboard in Resources */,
				5E769A8624D862090024FECC /* Assets.xcassets in Resources */,
			);
			runOnlyForDeploymentPostprocessing = 0;
		};
/* End PBXResourcesBuildPhase section */

/* Begin PBXSourcesBuildPhase section */
		5E769A7524D862010024FECC /* Sources */ = {
			isa = PBXSourcesBuildPhase;
			buildActionMask = 2147483647;
			files = (
				5E769A9324D86E370024FECC /* Store.swift in Sources */,
				5E769A9B24D87BC70024FECC /* CFTitleLabel.swift in Sources */,
				5E769A8124D862010024FECC /* ListSelectVC.swift in Sources */,
				5E769A9D24D87D4C0024FECC /* CFSecondaryTitleLabel.swift in Sources */,
				5E769A9124D86E040024FECC /* ShoppingList.swift in Sources */,
				5E769A9524D86E4F0024FECC /* ItemLocation.swift in Sources */,
				5E769A9724D86F1E0024FECC /* ShoppingItem.swift in Sources */,
				5E769A9924D87AE20024FECC /* ShoppingListCell.swift in Sources */,
				5E769A7D24D862010024FECC /* AppDelegate.swift in Sources */,
				5E769A7F24D862010024FECC /* SceneDelegate.swift in Sources */,
			);
			runOnlyForDeploymentPostprocessing = 0;
		};
/* End PBXSourcesBuildPhase section */

/* Begin PBXVariantGroup section */
		5E769A8724D862090024FECC /* LaunchScreen.storyboard */ = {
			isa = PBXVariantGroup;
			children = (
				5E769A8824D862090024FECC /* Base */,
			);
			name = LaunchScreen.storyboard;
			sourceTree = "<group>";
		};
/* End PBXVariantGroup section */

/* Begin XCBuildConfiguration section */
		5E769A8B24D862090024FECC /* Debug */ = {
			isa = XCBuildConfiguration;
			buildSettings = {
				ALWAYS_SEARCH_USER_PATHS = NO;
				CLANG_ANALYZER_NONNULL = YES;
				CLANG_ANALYZER_NUMBER_OBJECT_CONVERSION = YES_AGGRESSIVE;
				CLANG_CXX_LANGUAGE_STANDARD = "gnu++14";
				CLANG_CXX_LIBRARY = "libc++";
				CLANG_ENABLE_MODULES = YES;
				CLANG_ENABLE_OBJC_ARC = YES;
				CLANG_ENABLE_OBJC_WEAK = YES;
				CLANG_WARN_BLOCK_CAPTURE_AUTORELEASING = YES;
				CLANG_WARN_BOOL_CONVERSION = YES;
				CLANG_WARN_COMMA = YES;
				CLANG_WARN_CONSTANT_CONVERSION = YES;
				CLANG_WARN_DEPRECATED_OBJC_IMPLEMENTATIONS = YES;
				CLANG_WARN_DIRECT_OBJC_ISA_USAGE = YES_ERROR;
				CLANG_WARN_DOCUMENTATION_COMMENTS = YES;
				CLANG_WARN_EMPTY_BODY = YES;
				CLANG_WARN_ENUM_CONVERSION = YES;
				CLANG_WARN_INFINITE_RECURSION = YES;
				CLANG_WARN_INT_CONVERSION = YES;
				CLANG_WARN_NON_LITERAL_NULL_CONVERSION = YES;
				CLANG_WARN_OBJC_IMPLICIT_RETAIN_SELF = YES;
				CLANG_WARN_OBJC_LITERAL_CONVERSION = YES;
				CLANG_WARN_OBJC_ROOT_CLASS = YES_ERROR;
				CLANG_WARN_RANGE_LOOP_ANALYSIS = YES;
				CLANG_WARN_STRICT_PROTOTYPES = YES;
				CLANG_WARN_SUSPICIOUS_MOVE = YES;
				CLANG_WARN_UNGUARDED_AVAILABILITY = YES_AGGRESSIVE;
				CLANG_WARN_UNREACHABLE_CODE = YES;
				CLANG_WARN__DUPLICATE_METHOD_MATCH = YES;
				COPY_PHASE_STRIP = NO;
				DEBUG_INFORMATION_FORMAT = dwarf;
				ENABLE_STRICT_OBJC_MSGSEND = YES;
				ENABLE_TESTABILITY = YES;
				GCC_C_LANGUAGE_STANDARD = gnu11;
				GCC_DYNAMIC_NO_PIC = NO;
				GCC_NO_COMMON_BLOCKS = YES;
				GCC_OPTIMIZATION_LEVEL = 0;
				GCC_PREPROCESSOR_DEFINITIONS = (
					"DEBUG=1",
					"$(inherited)",
				);
				GCC_WARN_64_TO_32_BIT_CONVERSION = YES;
				GCC_WARN_ABOUT_RETURN_TYPE = YES_ERROR;
				GCC_WARN_UNDECLARED_SELECTOR = YES;
				GCC_WARN_UNINITIALIZED_AUTOS = YES_AGGRESSIVE;
				GCC_WARN_UNUSED_FUNCTION = YES;
				GCC_WARN_UNUSED_VARIABLE = YES;
				IPHONEOS_DEPLOYMENT_TARGET = 13.5;
				MTL_ENABLE_DEBUG_INFO = INCLUDE_SOURCE;
				MTL_FAST_MATH = YES;
				ONLY_ACTIVE_ARCH = YES;
				SDKROOT = iphoneos;
				SWIFT_ACTIVE_COMPILATION_CONDITIONS = DEBUG;
				SWIFT_OPTIMIZATION_LEVEL = "-Onone";
			};
			name = Debug;
		};
		5E769A8C24D862090024FECC /* Release */ = {
			isa = XCBuildConfiguration;
			buildSettings = {
				ALWAYS_SEARCH_USER_PATHS = NO;
				CLANG_ANALYZER_NONNULL = YES;
				CLANG_ANALYZER_NUMBER_OBJECT_CONVERSION = YES_AGGRESSIVE;
				CLANG_CXX_LANGUAGE_STANDARD = "gnu++14";
				CLANG_CXX_LIBRARY = "libc++";
				CLANG_ENABLE_MODULES = YES;
				CLANG_ENABLE_OBJC_ARC = YES;
				CLANG_ENABLE_OBJC_WEAK = YES;
				CLANG_WARN_BLOCK_CAPTURE_AUTORELEASING = YES;
				CLANG_WARN_BOOL_CONVERSION = YES;
				CLANG_WARN_COMMA = YES;
				CLANG_WARN_CONSTANT_CONVERSION = YES;
				CLANG_WARN_DEPRECATED_OBJC_IMPLEMENTATIONS = YES;
				CLANG_WARN_DIRECT_OBJC_ISA_USAGE = YES_ERROR;
				CLANG_WARN_DOCUMENTATION_COMMENTS = YES;
				CLANG_WARN_EMPTY_BODY = YES;
				CLANG_WARN_ENUM_CONVERSION = YES;
				CLANG_WARN_INFINITE_RECURSION = YES;
				CLANG_WARN_INT_CONVERSION = YES;
				CLANG_WARN_NON_LITERAL_NULL_CONVERSION = YES;
				CLANG_WARN_OBJC_IMPLICIT_RETAIN_SELF = YES;
				CLANG_WARN_OBJC_LITERAL_CONVERSION = YES;
				CLANG_WARN_OBJC_ROOT_CLASS = YES_ERROR;
				CLANG_WARN_RANGE_LOOP_ANALYSIS = YES;
				CLANG_WARN_STRICT_PROTOTYPES = YES;
				CLANG_WARN_SUSPICIOUS_MOVE = YES;
				CLANG_WARN_UNGUARDED_AVAILABILITY = YES_AGGRESSIVE;
				CLANG_WARN_UNREACHABLE_CODE = YES;
				CLANG_WARN__DUPLICATE_METHOD_MATCH = YES;
				COPY_PHASE_STRIP = NO;
				DEBUG_INFORMATION_FORMAT = "dwarf-with-dsym";
				ENABLE_NS_ASSERTIONS = NO;
				ENABLE_STRICT_OBJC_MSGSEND = YES;
				GCC_C_LANGUAGE_STANDARD = gnu11;
				GCC_NO_COMMON_BLOCKS = YES;
				GCC_WARN_64_TO_32_BIT_CONVERSION = YES;
				GCC_WARN_ABOUT_RETURN_TYPE = YES_ERROR;
				GCC_WARN_UNDECLARED_SELECTOR = YES;
				GCC_WARN_UNINITIALIZED_AUTOS = YES_AGGRESSIVE;
				GCC_WARN_UNUSED_FUNCTION = YES;
				GCC_WARN_UNUSED_VARIABLE = YES;
				IPHONEOS_DEPLOYMENT_TARGET = 13.5;
				MTL_ENABLE_DEBUG_INFO = NO;
				MTL_FAST_MATH = YES;
				SDKROOT = iphoneos;
				SWIFT_COMPILATION_MODE = wholemodule;
				SWIFT_OPTIMIZATION_LEVEL = "-O";
				VALIDATE_PRODUCT = YES;
			};
			name = Release;
		};
		5E769A8E24D862090024FECC /* Debug */ = {
			isa = XCBuildConfiguration;
			buildSettings = {
				ASSETCATALOG_COMPILER_APPICON_NAME = AppIcon;
				CODE_SIGN_STYLE = Automatic;
				DEVELOPMENT_TEAM = 5PKBVW8P3C;
				INFOPLIST_FILE = "Cart Flow/Info.plist";
				IPHONEOS_DEPLOYMENT_TARGET = 13.0;
				LD_RUNPATH_SEARCH_PATHS = (
					"$(inherited)",
					"@executable_path/Frameworks",
				);
				PRODUCT_BUNDLE_IDENTIFIER = "com.scottquintana.Cart-Flow";
				PRODUCT_NAME = "$(TARGET_NAME)";
				SWIFT_VERSION = 5.0;
				TARGETED_DEVICE_FAMILY = 1;
			};
			name = Debug;
		};
		5E769A8F24D862090024FECC /* Release */ = {
			isa = XCBuildConfiguration;
			buildSettings = {
				ASSETCATALOG_COMPILER_APPICON_NAME = AppIcon;
				CODE_SIGN_STYLE = Automatic;
				DEVELOPMENT_TEAM = 5PKBVW8P3C;
				INFOPLIST_FILE = "Cart Flow/Info.plist";
				IPHONEOS_DEPLOYMENT_TARGET = 13.0;
				LD_RUNPATH_SEARCH_PATHS = (
					"$(inherited)",
					"@executable_path/Frameworks",
				);
				PRODUCT_BUNDLE_IDENTIFIER = "com.scottquintana.Cart-Flow";
				PRODUCT_NAME = "$(TARGET_NAME)";
				SWIFT_VERSION = 5.0;
				TARGETED_DEVICE_FAMILY = 1;
			};
			name = Release;
		};
/* End XCBuildConfiguration section */

/* Begin XCConfigurationList section */
		5E769A7424D862010024FECC /* Build configuration list for PBXProject "Cart Flow" */ = {
			isa = XCConfigurationList;
			buildConfigurations = (
				5E769A8B24D862090024FECC /* Debug */,
				5E769A8C24D862090024FECC /* Release */,
			);
			defaultConfigurationIsVisible = 0;
			defaultConfigurationName = Release;
		};
		5E769A8D24D862090024FECC /* Build configuration list for PBXNativeTarget "Cart Flow" */ = {
			isa = XCConfigurationList;
			buildConfigurations = (
				5E769A8E24D862090024FECC /* Debug */,
				5E769A8F24D862090024FECC /* Release */,
			);
			defaultConfigurationIsVisible = 0;
			defaultConfigurationName = Release;
		};
/* End XCConfigurationList section */
	};
	rootObject = 5E769A7124D862010024FECC /* Project object */;
}
