// !$*UTF8*$!
{
	archiveVersion = 1;
	classes = {
	};
	objectVersion = 50;
	objects = {

/* Begin PBXBuildFile section */
		5E0C301F2507CFE900B0CD52 /* EditAislesView.swift in Sources */ = {isa = PBXBuildFile; fileRef = 5E0C301E2507CFE900B0CD52 /* EditAislesView.swift */; };
		5E0C30212509520A00B0CD52 /* AisleListCell.swift in Sources */ = {isa = PBXBuildFile; fileRef = 5E0C30202509520900B0CD52 /* AisleListCell.swift */; };
		5E197ADA24E3211F0046B1E8 /* ShoppingListCell.swift in Sources */ = {isa = PBXBuildFile; fileRef = 5E197AD924E3211F0046B1E8 /* ShoppingListCell.swift */; };
		5E1F51DC24E59F6D0096D3A3 /* CFPlusButton.swift in Sources */ = {isa = PBXBuildFile; fileRef = 5E1F51DB24E59F6D0096D3A3 /* CFPlusButton.swift */; };
		5E33AAED24F9920B00F64AF7 /* ItemNameView.swift in Sources */ = {isa = PBXBuildFile; fileRef = 5E33AAEC24F9920B00F64AF7 /* ItemNameView.swift */; };
		5E33AAEF24FD48D400F64AF7 /* EditLocationVC.swift in Sources */ = {isa = PBXBuildFile; fileRef = 5E33AAEE24FD48D400F64AF7 /* EditLocationVC.swift */; };
		5E33AAF124FD836100F64AF7 /* CFAlertContainerView.swift in Sources */ = {isa = PBXBuildFile; fileRef = 5E33AAF024FD836000F64AF7 /* CFAlertContainerView.swift */; };
		5E44DD25252551E800E0E916 /* CFTitleButton.swift in Sources */ = {isa = PBXBuildFile; fileRef = 5E44DD24252551E800E0E916 /* CFTitleButton.swift */; };
		5E769A7D24D862010024FECC /* AppDelegate.swift in Sources */ = {isa = PBXBuildFile; fileRef = 5E769A7C24D862010024FECC /* AppDelegate.swift */; };
		5E769A7F24D862010024FECC /* SceneDelegate.swift in Sources */ = {isa = PBXBuildFile; fileRef = 5E769A7E24D862010024FECC /* SceneDelegate.swift */; };
		5E769A8124D862010024FECC /* ListSelectVC.swift in Sources */ = {isa = PBXBuildFile; fileRef = 5E769A8024D862010024FECC /* ListSelectVC.swift */; };
		5E769A8624D862090024FECC /* Assets.xcassets in Resources */ = {isa = PBXBuildFile; fileRef = 5E769A8524D862090024FECC /* Assets.xcassets */; };
		5E769A8924D862090024FECC /* LaunchScreen.storyboard in Resources */ = {isa = PBXBuildFile; fileRef = 5E769A8724D862090024FECC /* LaunchScreen.storyboard */; };
		5E769A9924D87AE20024FECC /* ListCell.swift in Sources */ = {isa = PBXBuildFile; fileRef = 5E769A9824D87AE20024FECC /* ListCell.swift */; };
		5E769A9B24D87BC70024FECC /* CFTitleLabel.swift in Sources */ = {isa = PBXBuildFile; fileRef = 5E769A9A24D87BC70024FECC /* CFTitleLabel.swift */; };
		5E769A9D24D87D4C0024FECC /* CFSecondaryTitleLabel.swift in Sources */ = {isa = PBXBuildFile; fileRef = 5E769A9C24D87D4C0024FECC /* CFSecondaryTitleLabel.swift */; };
		5E769A9F24D8C3E80024FECC /* ShoppingListVC.swift in Sources */ = {isa = PBXBuildFile; fileRef = 5E769A9E24D8C3E80024FECC /* ShoppingListVC.swift */; };
		5E769AA124D8C4160024FECC /* ItemListVC.swift in Sources */ = {isa = PBXBuildFile; fileRef = 5E769AA024D8C4160024FECC /* ItemListVC.swift */; };
		5E769AA324D8C46F0024FECC /* CFTabBarController.swift in Sources */ = {isa = PBXBuildFile; fileRef = 5E769AA224D8C46F0024FECC /* CFTabBarController.swift */; };
		5E769AA524D8C5690024FECC /* Constants.swift in Sources */ = {isa = PBXBuildFile; fileRef = 5E769AA424D8C5690024FECC /* Constants.swift */; };
		5E7C8ACD24F59BBE006D4153 /* LocationSelectionView.swift in Sources */ = {isa = PBXBuildFile; fileRef = 5E7C8ACC24F59BBE006D4153 /* LocationSelectionView.swift */; };
		5E7C8AD024F59E5A006D4153 /* StoreSelectionView.swift in Sources */ = {isa = PBXBuildFile; fileRef = 5E7C8ACF24F59E5A006D4153 /* StoreSelectionView.swift */; };
		5E7C8AD224F5A2D1006D4153 /* CFMinusButton.swift in Sources */ = {isa = PBXBuildFile; fileRef = 5E7C8AD124F5A2D1006D4153 /* CFMinusButton.swift */; };
		5E7C8AD424F5A838006D4153 /* AisleSelectionView.swift in Sources */ = {isa = PBXBuildFile; fileRef = 5E7C8AD324F5A838006D4153 /* AisleSelectionView.swift */; };
		5E7C8AD724F6FFD3006D4153 /* UIView+Ext.swift in Sources */ = {isa = PBXBuildFile; fileRef = 5E7C8AD624F6FFD3006D4153 /* UIView+Ext.swift */; };
		5E7FDB7524E1B28800BE904F /* DataModel.xcdatamodeld in Sources */ = {isa = PBXBuildFile; fileRef = 5E7FDB7324E1B28800BE904F /* DataModel.xcdatamodeld */; };
		5E92C0BF24ED8A58004DABB6 /* StorePicker.swift in Sources */ = {isa = PBXBuildFile; fileRef = 5E92C0BE24ED8A58004DABB6 /* StorePicker.swift */; };
		5E92C0C124EF20C5004DABB6 /* LocationCell.swift in Sources */ = {isa = PBXBuildFile; fileRef = 5E92C0C024EF20C5004DABB6 /* LocationCell.swift */; };
		5E92C0C324EF215B004DABB6 /* CFLocationLabel.swift in Sources */ = {isa = PBXBuildFile; fileRef = 5E92C0C224EF215B004DABB6 /* CFLocationLabel.swift */; };
		5E92C0C624F022E5004DABB6 /* CFEditButton.swift in Sources */ = {isa = PBXBuildFile; fileRef = 5E92C0C524F022E5004DABB6 /* CFEditButton.swift */; };
		5E9C3E14251D5325009A7C26 /* StoreFilterVC.swift in Sources */ = {isa = PBXBuildFile; fileRef = 5E9C3E13251D5325009A7C26 /* StoreFilterVC.swift */; };
		5EC1ADE4252646B30001F684 /* ClearListVC.swift in Sources */ = {isa = PBXBuildFile; fileRef = 5EC1ADE3252646B30001F684 /* ClearListVC.swift */; };
		5ED95FAF24F5604B0033BB88 /* ItemLocationsView.swift in Sources */ = {isa = PBXBuildFile; fileRef = 5ED95FAE24F5604B0033BB88 /* ItemLocationsView.swift */; };
		5ED984D224DB188C00AF1009 /* ItemListCell.swift in Sources */ = {isa = PBXBuildFile; fileRef = 5ED984D124DB188C00AF1009 /* ItemListCell.swift */; };
		5ED984D424DC674300AF1009 /* AddNewItemVC.swift in Sources */ = {isa = PBXBuildFile; fileRef = 5ED984D324DC674200AF1009 /* AddNewItemVC.swift */; };
		5ED984D624DC689F00AF1009 /* CFTextField.swift in Sources */ = {isa = PBXBuildFile; fileRef = 5ED984D524DC689F00AF1009 /* CFTextField.swift */; };
		5ED984D824DC96FD00AF1009 /* CFBodyLabel.swift in Sources */ = {isa = PBXBuildFile; fileRef = 5ED984D724DC96FD00AF1009 /* CFBodyLabel.swift */; };
		5EE7A7A024DCAE5A00F82963 /* CFButton.swift in Sources */ = {isa = PBXBuildFile; fileRef = 5EE7A79F24DCAE5A00F82963 /* CFButton.swift */; };
		5EF2FC25250A936F0089ADD7 /* UITextField+Ext.swift in Sources */ = {isa = PBXBuildFile; fileRef = 5EF2FC24250A936F0089ADD7 /* UITextField+Ext.swift */; };
		5EF2FC28250AC0600089ADD7 /* CFHeaderButton.swift in Sources */ = {isa = PBXBuildFile; fileRef = 5EF2FC27250AC0600089ADD7 /* CFHeaderButton.swift */; };
		5EF2FC2A250AC0B70089ADD7 /* CFHeaderLabel.swift in Sources */ = {isa = PBXBuildFile; fileRef = 5EF2FC29250AC0B60089ADD7 /* CFHeaderLabel.swift */; };
/* End PBXBuildFile section */

/* Begin PBXFileReference section */
		5E0C301E2507CFE900B0CD52 /* EditAislesView.swift */ = {isa = PBXFileReference; lastKnownFileType = sourcecode.swift; path = EditAislesView.swift; sourceTree = "<group>"; };
		5E0C30202509520900B0CD52 /* AisleListCell.swift */ = {isa = PBXFileReference; lastKnownFileType = sourcecode.swift; path = AisleListCell.swift; sourceTree = "<group>"; };
		5E197AD924E3211F0046B1E8 /* ShoppingListCell.swift */ = {isa = PBXFileReference; lastKnownFileType = sourcecode.swift; path = ShoppingListCell.swift; sourceTree = "<group>"; };
		5E1F51DB24E59F6D0096D3A3 /* CFPlusButton.swift */ = {isa = PBXFileReference; lastKnownFileType = sourcecode.swift; path = CFPlusButton.swift; sourceTree = "<group>"; };
		5E33AAEC24F9920B00F64AF7 /* ItemNameView.swift */ = {isa = PBXFileReference; lastKnownFileType = sourcecode.swift; path = ItemNameView.swift; sourceTree = "<group>"; };
		5E33AAEE24FD48D400F64AF7 /* EditLocationVC.swift */ = {isa = PBXFileReference; lastKnownFileType = sourcecode.swift; path = EditLocationVC.swift; sourceTree = "<group>"; };
		5E33AAF024FD836000F64AF7 /* CFAlertContainerView.swift */ = {isa = PBXFileReference; lastKnownFileType = sourcecode.swift; path = CFAlertContainerView.swift; sourceTree = "<group>"; };
		5E44DD24252551E800E0E916 /* CFTitleButton.swift */ = {isa = PBXFileReference; lastKnownFileType = sourcecode.swift; path = CFTitleButton.swift; sourceTree = "<group>"; };
		5E769A7924D862010024FECC /* Cart Flow.app */ = {isa = PBXFileReference; explicitFileType = wrapper.application; includeInIndex = 0; path = "Cart Flow.app"; sourceTree = BUILT_PRODUCTS_DIR; };
		5E769A7C24D862010024FECC /* AppDelegate.swift */ = {isa = PBXFileReference; lastKnownFileType = sourcecode.swift; path = AppDelegate.swift; sourceTree = "<group>"; };
		5E769A7E24D862010024FECC /* SceneDelegate.swift */ = {isa = PBXFileReference; lastKnownFileType = sourcecode.swift; path = SceneDelegate.swift; sourceTree = "<group>"; };
		5E769A8024D862010024FECC /* ListSelectVC.swift */ = {isa = PBXFileReference; lastKnownFileType = sourcecode.swift; path = ListSelectVC.swift; sourceTree = "<group>"; };
		5E769A8524D862090024FECC /* Assets.xcassets */ = {isa = PBXFileReference; lastKnownFileType = folder.assetcatalog; path = Assets.xcassets; sourceTree = "<group>"; };
		5E769A8824D862090024FECC /* Base */ = {isa = PBXFileReference; lastKnownFileType = file.storyboard; name = Base; path = Base.lproj/LaunchScreen.storyboard; sourceTree = "<group>"; };
		5E769A8A24D862090024FECC /* Info.plist */ = {isa = PBXFileReference; lastKnownFileType = text.plist.xml; path = Info.plist; sourceTree = "<group>"; };
		5E769A9824D87AE20024FECC /* ListCell.swift */ = {isa = PBXFileReference; lastKnownFileType = sourcecode.swift; path = ListCell.swift; sourceTree = "<group>"; };
		5E769A9A24D87BC70024FECC /* CFTitleLabel.swift */ = {isa = PBXFileReference; lastKnownFileType = sourcecode.swift; path = CFTitleLabel.swift; sourceTree = "<group>"; };
		5E769A9C24D87D4C0024FECC /* CFSecondaryTitleLabel.swift */ = {isa = PBXFileReference; lastKnownFileType = sourcecode.swift; path = CFSecondaryTitleLabel.swift; sourceTree = "<group>"; };
		5E769A9E24D8C3E80024FECC /* ShoppingListVC.swift */ = {isa = PBXFileReference; lastKnownFileType = sourcecode.swift; path = ShoppingListVC.swift; sourceTree = "<group>"; };
		5E769AA024D8C4160024FECC /* ItemListVC.swift */ = {isa = PBXFileReference; lastKnownFileType = sourcecode.swift; path = ItemListVC.swift; sourceTree = "<group>"; };
		5E769AA224D8C46F0024FECC /* CFTabBarController.swift */ = {isa = PBXFileReference; lastKnownFileType = sourcecode.swift; path = CFTabBarController.swift; sourceTree = "<group>"; };
		5E769AA424D8C5690024FECC /* Constants.swift */ = {isa = PBXFileReference; lastKnownFileType = sourcecode.swift; path = Constants.swift; sourceTree = "<group>"; };
		5E7C8ACC24F59BBE006D4153 /* LocationSelectionView.swift */ = {isa = PBXFileReference; lastKnownFileType = sourcecode.swift; path = LocationSelectionView.swift; sourceTree = "<group>"; };
		5E7C8ACF24F59E5A006D4153 /* StoreSelectionView.swift */ = {isa = PBXFileReference; lastKnownFileType = sourcecode.swift; path = StoreSelectionView.swift; sourceTree = "<group>"; };
		5E7C8AD124F5A2D1006D4153 /* CFMinusButton.swift */ = {isa = PBXFileReference; lastKnownFileType = sourcecode.swift; path = CFMinusButton.swift; sourceTree = "<group>"; };
		5E7C8AD324F5A838006D4153 /* AisleSelectionView.swift */ = {isa = PBXFileReference; lastKnownFileType = sourcecode.swift; path = AisleSelectionView.swift; sourceTree = "<group>"; };
		5E7C8AD624F6FFD3006D4153 /* UIView+Ext.swift */ = {isa = PBXFileReference; lastKnownFileType = sourcecode.swift; path = "UIView+Ext.swift"; sourceTree = "<group>"; };
		5E7FDB7424E1B28800BE904F /* DataModel.xcdatamodel */ = {isa = PBXFileReference; lastKnownFileType = wrapper.xcdatamodel; path = DataModel.xcdatamodel; sourceTree = "<group>"; };
		5E92C0BE24ED8A58004DABB6 /* StorePicker.swift */ = {isa = PBXFileReference; lastKnownFileType = sourcecode.swift; path = StorePicker.swift; sourceTree = "<group>"; };
		5E92C0C024EF20C5004DABB6 /* LocationCell.swift */ = {isa = PBXFileReference; lastKnownFileType = sourcecode.swift; path = LocationCell.swift; sourceTree = "<group>"; };
		5E92C0C224EF215B004DABB6 /* CFLocationLabel.swift */ = {isa = PBXFileReference; lastKnownFileType = sourcecode.swift; path = CFLocationLabel.swift; sourceTree = "<group>"; };
		5E92C0C524F022E5004DABB6 /* CFEditButton.swift */ = {isa = PBXFileReference; lastKnownFileType = sourcecode.swift; path = CFEditButton.swift; sourceTree = "<group>"; };
		5E9C3E13251D5325009A7C26 /* StoreFilterVC.swift */ = {isa = PBXFileReference; lastKnownFileType = sourcecode.swift; path = StoreFilterVC.swift; sourceTree = "<group>"; };
		5EC1ADE3252646B30001F684 /* ClearListVC.swift */ = {isa = PBXFileReference; lastKnownFileType = sourcecode.swift; path = ClearListVC.swift; sourceTree = "<group>"; };
		5ED95FAE24F5604B0033BB88 /* ItemLocationsView.swift */ = {isa = PBXFileReference; lastKnownFileType = sourcecode.swift; path = ItemLocationsView.swift; sourceTree = "<group>"; };
		5ED984D124DB188C00AF1009 /* ItemListCell.swift */ = {isa = PBXFileReference; lastKnownFileType = sourcecode.swift; path = ItemListCell.swift; sourceTree = "<group>"; };
		5ED984D324DC674200AF1009 /* AddNewItemVC.swift */ = {isa = PBXFileReference; lastKnownFileType = sourcecode.swift; path = AddNewItemVC.swift; sourceTree = "<group>"; };
		5ED984D524DC689F00AF1009 /* CFTextField.swift */ = {isa = PBXFileReference; lastKnownFileType = sourcecode.swift; path = CFTextField.swift; sourceTree = "<group>"; };
		5ED984D724DC96FD00AF1009 /* CFBodyLabel.swift */ = {isa = PBXFileReference; lastKnownFileType = sourcecode.swift; path = CFBodyLabel.swift; sourceTree = "<group>"; };
		5EE7A79F24DCAE5A00F82963 /* CFButton.swift */ = {isa = PBXFileReference; lastKnownFileType = sourcecode.swift; path = CFButton.swift; sourceTree = "<group>"; };
		5EF2FC24250A936F0089ADD7 /* UITextField+Ext.swift */ = {isa = PBXFileReference; lastKnownFileType = sourcecode.swift; path = "UITextField+Ext.swift"; sourceTree = "<group>"; };
		5EF2FC27250AC0600089ADD7 /* CFHeaderButton.swift */ = {isa = PBXFileReference; lastKnownFileType = sourcecode.swift; path = CFHeaderButton.swift; sourceTree = "<group>"; };
		5EF2FC29250AC0B60089ADD7 /* CFHeaderLabel.swift */ = {isa = PBXFileReference; lastKnownFileType = sourcecode.swift; path = CFHeaderLabel.swift; sourceTree = "<group>"; };
/* End PBXFileReference section */

/* Begin PBXFrameworksBuildPhase section */
		5E769A7624D862010024FECC /* Frameworks */ = {
			isa = PBXFrameworksBuildPhase;
			buildActionMask = 2147483647;
			files = (
			);
			runOnlyForDeploymentPostprocessing = 0;
		};
/* End PBXFrameworksBuildPhase section */

/* Begin PBXGroup section */
		5E769A7024D862010024FECC = {
			isa = PBXGroup;
			children = (
				5E769A7B24D862010024FECC /* Cart Flow */,
				5E769A7A24D862010024FECC /* Products */,
			);
			sourceTree = "<group>";
		};
		5E769A7A24D862010024FECC /* Products */ = {
			isa = PBXGroup;
			children = (
				5E769A7924D862010024FECC /* Cart Flow.app */,
			);
			name = Products;
			sourceTree = "<group>";
		};
		5E769A7B24D862010024FECC /* Cart Flow */ = {
			isa = PBXGroup;
			children = (
				5E7C8AD524F6FFBA006D4153 /* Extensions */,
				5ED984CF24DB07AD00AF1009 /* Custom Views */,
				5E769AA624D8CA7A0024FECC /* Models */,
				5E769A8524D862090024FECC /* Assets.xcassets */,
				5E769A8724D862090024FECC /* LaunchScreen.storyboard */,
				5E769A8A24D862090024FECC /* Info.plist */,
			);
			path = "Cart Flow";
			sourceTree = "<group>";
		};
		5E769AA624D8CA7A0024FECC /* Models */ = {
			isa = PBXGroup;
			children = (
				5E7FDB7324E1B28800BE904F /* DataModel.xcdatamodeld */,
			);
			path = Models;
			sourceTree = "<group>";
		};
		5E7C8ACE24F59BC8006D4153 /* LocationSelectionViews */ = {
			isa = PBXGroup;
			children = (
				5E7C8ACC24F59BBE006D4153 /* LocationSelectionView.swift */,
				5E7C8ACF24F59E5A006D4153 /* StoreSelectionView.swift */,
				5E7C8AD324F5A838006D4153 /* AisleSelectionView.swift */,
			);
			path = LocationSelectionViews;
			sourceTree = "<group>";
		};
		5E7C8AD524F6FFBA006D4153 /* Extensions */ = {
			isa = PBXGroup;
			children = (
				5E7C8AD624F6FFD3006D4153 /* UIView+Ext.swift */,
				5EF2FC24250A936F0089ADD7 /* UITextField+Ext.swift */,
			);
			path = Extensions;
			sourceTree = "<group>";
		};
		5E92C0BD24ED8A34004DABB6 /* Pickers */ = {
			isa = PBXGroup;
			children = (
				5E92C0BE24ED8A58004DABB6 /* StorePicker.swift */,
			);
			path = Pickers;
			sourceTree = "<group>";
		};
		5E92C0C424F022BB004DABB6 /* Buttons */ = {
			isa = PBXGroup;
			children = (
				5E1F51DB24E59F6D0096D3A3 /* CFPlusButton.swift */,
				5EE7A79F24DCAE5A00F82963 /* CFButton.swift */,
				5E92C0C524F022E5004DABB6 /* CFEditButton.swift */,
				5E7C8AD124F5A2D1006D4153 /* CFMinusButton.swift */,
				5EF2FC27250AC0600089ADD7 /* CFHeaderButton.swift */,
				5E44DD24252551E800E0E916 /* CFTitleButton.swift */,
			);
			path = Buttons;
			sourceTree = "<group>";
		};
		5ECABFE624E308D4000C7142 /* Scenes */ = {
			isa = PBXGroup;
			children = (
				5E769AA224D8C46F0024FECC /* CFTabBarController.swift */,
				5E769A8024D862010024FECC /* ListSelectVC.swift */,
				5E769A9E24D8C3E80024FECC /* ShoppingListVC.swift */,
				5E769AA024D8C4160024FECC /* ItemListVC.swift */,
				5ED984D324DC674200AF1009 /* AddNewItemVC.swift */,
				5E33AAEE24FD48D400F64AF7 /* EditLocationVC.swift */,
				5E9C3E13251D5325009A7C26 /* StoreFilterVC.swift */,
				5EC1ADE3252646B30001F684 /* ClearListVC.swift */,
			);
			path = Scenes;
			sourceTree = "<group>";
		};
		5ECABFE724E308F2000C7142 /* Labels */ = {
			isa = PBXGroup;
			children = (
				5ED984D724DC96FD00AF1009 /* CFBodyLabel.swift */,
				5E769A9A24D87BC70024FECC /* CFTitleLabel.swift */,
				5E769A9C24D87D4C0024FECC /* CFSecondaryTitleLabel.swift */,
				5E92C0C224EF215B004DABB6 /* CFLocationLabel.swift */,
				5EF2FC29250AC0B60089ADD7 /* CFHeaderLabel.swift */,
			);
			path = Labels;
			sourceTree = "<group>";
		};
		5ECABFE824E30918000C7142 /* Utilities */ = {
			isa = PBXGroup;
			children = (
				5E769A7C24D862010024FECC /* AppDelegate.swift */,
				5E769A7E24D862010024FECC /* SceneDelegate.swift */,
				5E769AA424D8C5690024FECC /* Constants.swift */,
			);
			path = Utilities;
			sourceTree = "<group>";
		};
		5ED95FAD24F55FD30033BB88 /* LocationsViews */ = {
			isa = PBXGroup;
			children = (
				5ED95FAE24F5604B0033BB88 /* ItemLocationsView.swift */,
				5E33AAEC24F9920B00F64AF7 /* ItemNameView.swift */,
				5E33AAF024FD836000F64AF7 /* CFAlertContainerView.swift */,
				5E0C301E2507CFE900B0CD52 /* EditAislesView.swift */,
			);
			path = LocationsViews;
			sourceTree = "<group>";
		};
		5ED984CF24DB07AD00AF1009 /* Custom Views */ = {
			isa = PBXGroup;
			children = (
				5EF2FC26250A9DA10089ADD7 /* TextFields */,
				5E7C8ACE24F59BC8006D4153 /* LocationSelectionViews */,
				5ED95FAD24F55FD30033BB88 /* LocationsViews */,
				5E92C0C424F022BB004DABB6 /* Buttons */,
				5E92C0BD24ED8A34004DABB6 /* Pickers */,
				5ECABFE824E30918000C7142 /* Utilities */,
				5ED984D024DB07C000AF1009 /* Cells */,
				5ECABFE724E308F2000C7142 /* Labels */,
				5ECABFE624E308D4000C7142 /* Scenes */,
			);
			path = "Custom Views";
			sourceTree = "<group>";
		};
		5ED984D024DB07C000AF1009 /* Cells */ = {
			isa = PBXGroup;
			children = (
				5E769A9824D87AE20024FECC /* ListCell.swift */,
				5ED984D124DB188C00AF1009 /* ItemListCell.swift */,
				5E197AD924E3211F0046B1E8 /* ShoppingListCell.swift */,
				5E92C0C024EF20C5004DABB6 /* LocationCell.swift */,
				5E0C30202509520900B0CD52 /* AisleListCell.swift */,
			);
			path = Cells;
			sourceTree = "<group>";
		};
		5EF2FC26250A9DA10089ADD7 /* TextFields */ = {
			isa = PBXGroup;
			children = (
				5ED984D524DC689F00AF1009 /* CFTextField.swift */,
			);
			path = TextFields;
			sourceTree = "<group>";
		};
/* End PBXGroup section */

/* Begin PBXNativeTarget section */
		5E769A7824D862010024FECC /* Cart Flow */ = {
			isa = PBXNativeTarget;
			buildConfigurationList = 5E769A8D24D862090024FECC /* Build configuration list for PBXNativeTarget "Cart Flow" */;
			buildPhases = (
				5E769A7524D862010024FECC /* Sources */,
				5E769A7624D862010024FECC /* Frameworks */,
				5E769A7724D862010024FECC /* Resources */,
			);
			buildRules = (
			);
			dependencies = (
			);
			name = "Cart Flow";
			productName = "Cart Flow";
			productReference = 5E769A7924D862010024FECC /* Cart Flow.app */;
			productType = "com.apple.product-type.application";
		};
/* End PBXNativeTarget section */

/* Begin PBXProject section */
		5E769A7124D862010024FECC /* Project object */ = {
			isa = PBXProject;
			attributes = {
				LastSwiftUpdateCheck = 1150;
				LastUpgradeCheck = 1200;
				ORGANIZATIONNAME = "Scott Quintana";
				TargetAttributes = {
					5E769A7824D862010024FECC = {
						CreatedOnToolsVersion = 11.5;
					};
				};
			};
			buildConfigurationList = 5E769A7424D862010024FECC /* Build configuration list for PBXProject "Cart Flow" */;
			compatibilityVersion = "Xcode 9.3";
			developmentRegion = en;
			hasScannedForEncodings = 0;
			knownRegions = (
				en,
				Base,
			);
			mainGroup = 5E769A7024D862010024FECC;
			productRefGroup = 5E769A7A24D862010024FECC /* Products */;
			projectDirPath = "";
			projectRoot = "";
			targets = (
				5E769A7824D862010024FECC /* Cart Flow */,
			);
		};
/* End PBXProject section */

/* Begin PBXResourcesBuildPhase section */
		5E769A7724D862010024FECC /* Resources */ = {
			isa = PBXResourcesBuildPhase;
			buildActionMask = 2147483647;
			files = (
				5E769A8924D862090024FECC /* LaunchScreen.storyboard in Resources */,
				5E769A8624D862090024FECC /* Assets.xcassets in Resources */,
			);
			runOnlyForDeploymentPostprocessing = 0;
		};
/* End PBXResourcesBuildPhase section */

/* Begin PBXSourcesBuildPhase section */
		5E769A7524D862010024FECC /* Sources */ = {
			isa = PBXSourcesBuildPhase;
			buildActionMask = 2147483647;
			files = (
				5E7FDB7524E1B28800BE904F /* DataModel.xcdatamodeld in Sources */,
				5E44DD25252551E800E0E916 /* CFTitleButton.swift in Sources */,
				5E769AA324D8C46F0024FECC /* CFTabBarController.swift in Sources */,
				5E769A9B24D87BC70024FECC /* CFTitleLabel.swift in Sources */,
				5E7C8AD224F5A2D1006D4153 /* CFMinusButton.swift in Sources */,
				5EF2FC2A250AC0B70089ADD7 /* CFHeaderLabel.swift in Sources */,
				5E7C8AD724F6FFD3006D4153 /* UIView+Ext.swift in Sources */,
				5ED95FAF24F5604B0033BB88 /* ItemLocationsView.swift in Sources */,
				5ED984D824DC96FD00AF1009 /* CFBodyLabel.swift in Sources */,
				5E33AAF124FD836100F64AF7 /* CFAlertContainerView.swift in Sources */,
				5E769A8124D862010024FECC /* ListSelectVC.swift in Sources */,
				5E769A9D24D87D4C0024FECC /* CFSecondaryTitleLabel.swift in Sources */,
				5E92C0C624F022E5004DABB6 /* CFEditButton.swift in Sources */,
				5E92C0BF24ED8A58004DABB6 /* StorePicker.swift in Sources */,
				5E769A9F24D8C3E80024FECC /* ShoppingListVC.swift in Sources */,
				5EF2FC25250A936F0089ADD7 /* UITextField+Ext.swift in Sources */,
				5E7C8AD024F59E5A006D4153 /* StoreSelectionView.swift in Sources */,
				5ED984D624DC689F00AF1009 /* CFTextField.swift in Sources */,
				5E9C3E14251D5325009A7C26 /* StoreFilterVC.swift in Sources */,
				5E7C8AD424F5A838006D4153 /* AisleSelectionView.swift in Sources */,
				5EC1ADE4252646B30001F684 /* ClearListVC.swift in Sources */,
				5E33AAEF24FD48D400F64AF7 /* EditLocationVC.swift in Sources */,
				5E0C301F2507CFE900B0CD52 /* EditAislesView.swift in Sources */,
				5EF2FC28250AC0600089ADD7 /* CFHeaderButton.swift in Sources */,
				5E197ADA24E3211F0046B1E8 /* ShoppingListCell.swift in Sources */,
				5ED984D424DC674300AF1009 /* AddNewItemVC.swift in Sources */,
				5E92C0C124EF20C5004DABB6 /* LocationCell.swift in Sources */,
				5E769AA124D8C4160024FECC /* ItemListVC.swift in Sources */,
				5EE7A7A024DCAE5A00F82963 /* CFButton.swift in Sources */,
				5E1F51DC24E59F6D0096D3A3 /* CFPlusButton.swift in Sources */,
				5E7C8ACD24F59BBE006D4153 /* LocationSelectionView.swift in Sources */,
				5E0C30212509520A00B0CD52 /* AisleListCell.swift in Sources */,
				5ED984D224DB188C00AF1009 /* ItemListCell.swift in Sources */,
				5E92C0C324EF215B004DABB6 /* CFLocationLabel.swift in Sources */,
				5E769A9924D87AE20024FECC /* ListCell.swift in Sources */,
				5E769AA524D8C5690024FECC /* Constants.swift in Sources */,
				5E769A7D24D862010024FECC /* AppDelegate.swift in Sources */,
				5E769A7F24D862010024FECC /* SceneDelegate.swift in Sources */,
				5E33AAED24F9920B00F64AF7 /* ItemNameView.swift in Sources */,
			);
			runOnlyForDeploymentPostprocessing = 0;
		};
/* End PBXSourcesBuildPhase section */

/* Begin PBXVariantGroup section */
		5E769A8724D862090024FECC /* LaunchScreen.storyboard */ = {
			isa = PBXVariantGroup;
			children = (
				5E769A8824D862090024FECC /* Base */,
			);
			name = LaunchScreen.storyboard;
			sourceTree = "<group>";
		};
/* End PBXVariantGroup section */

/* Begin XCBuildConfiguration section */
		5E769A8B24D862090024FECC /* Debug */ = {
			isa = XCBuildConfiguration;
			buildSettings = {
				ALWAYS_SEARCH_USER_PATHS = NO;
				CLANG_ANALYZER_NONNULL = YES;
				CLANG_ANALYZER_NUMBER_OBJECT_CONVERSION = YES_AGGRESSIVE;
				CLANG_CXX_LANGUAGE_STANDARD = "gnu++14";
				CLANG_CXX_LIBRARY = "libc++";
				CLANG_ENABLE_MODULES = YES;
				CLANG_ENABLE_OBJC_ARC = YES;
				CLANG_ENABLE_OBJC_WEAK = YES;
				CLANG_WARN_BLOCK_CAPTURE_AUTORELEASING = YES;
				CLANG_WARN_BOOL_CONVERSION = YES;
				CLANG_WARN_COMMA = YES;
				CLANG_WARN_CONSTANT_CONVERSION = YES;
				CLANG_WARN_DEPRECATED_OBJC_IMPLEMENTATIONS = YES;
				CLANG_WARN_DIRECT_OBJC_ISA_USAGE = YES_ERROR;
				CLANG_WARN_DOCUMENTATION_COMMENTS = YES;
				CLANG_WARN_EMPTY_BODY = YES;
				CLANG_WARN_ENUM_CONVERSION = YES;
				CLANG_WARN_INFINITE_RECURSION = YES;
				CLANG_WARN_INT_CONVERSION = YES;
				CLANG_WARN_NON_LITERAL_NULL_CONVERSION = YES;
				CLANG_WARN_OBJC_IMPLICIT_RETAIN_SELF = YES;
				CLANG_WARN_OBJC_LITERAL_CONVERSION = YES;
				CLANG_WARN_OBJC_ROOT_CLASS = YES_ERROR;
				CLANG_WARN_QUOTED_INCLUDE_IN_FRAMEWORK_HEADER = YES;
				CLANG_WARN_RANGE_LOOP_ANALYSIS = YES;
				CLANG_WARN_STRICT_PROTOTYPES = YES;
				CLANG_WARN_SUSPICIOUS_MOVE = YES;
				CLANG_WARN_UNGUARDED_AVAILABILITY = YES_AGGRESSIVE;
				CLANG_WARN_UNREACHABLE_CODE = YES;
				CLANG_WARN__DUPLICATE_METHOD_MATCH = YES;
				COPY_PHASE_STRIP = NO;
				DEBUG_INFORMATION_FORMAT = dwarf;
				ENABLE_STRICT_OBJC_MSGSEND = YES;
				ENABLE_TESTABILITY = YES;
				GCC_C_LANGUAGE_STANDARD = gnu11;
				GCC_DYNAMIC_NO_PIC = NO;
				GCC_NO_COMMON_BLOCKS = YES;
				GCC_OPTIMIZATION_LEVEL = 0;
				GCC_PREPROCESSOR_DEFINITIONS = (
					"DEBUG=1",
					"$(inherited)",
				);
				GCC_WARN_64_TO_32_BIT_CONVERSION = YES;
				GCC_WARN_ABOUT_RETURN_TYPE = YES_ERROR;
				GCC_WARN_UNDECLARED_SELECTOR = YES;
				GCC_WARN_UNINITIALIZED_AUTOS = YES_AGGRESSIVE;
				GCC_WARN_UNUSED_FUNCTION = YES;
				GCC_WARN_UNUSED_VARIABLE = YES;
				IPHONEOS_DEPLOYMENT_TARGET = 13.0;
				MTL_ENABLE_DEBUG_INFO = INCLUDE_SOURCE;
				MTL_FAST_MATH = YES;
				ONLY_ACTIVE_ARCH = YES;
				SDKROOT = iphoneos;
				SWIFT_ACTIVE_COMPILATION_CONDITIONS = DEBUG;
				SWIFT_OPTIMIZATION_LEVEL = "-Onone";
			};
			name = Debug;
		};
		5E769A8C24D862090024FECC /* Release */ = {
			isa = XCBuildConfiguration;
			buildSettings = {
				ALWAYS_SEARCH_USER_PATHS = NO;
				CLANG_ANALYZER_NONNULL = YES;
				CLANG_ANALYZER_NUMBER_OBJECT_CONVERSION = YES_AGGRESSIVE;
				CLANG_CXX_LANGUAGE_STANDARD = "gnu++14";
				CLANG_CXX_LIBRARY = "libc++";
				CLANG_ENABLE_MODULES = YES;
				CLANG_ENABLE_OBJC_ARC = YES;
				CLANG_ENABLE_OBJC_WEAK = YES;
				CLANG_WARN_BLOCK_CAPTURE_AUTORELEASING = YES;
				CLANG_WARN_BOOL_CONVERSION = YES;
				CLANG_WARN_COMMA = YES;
				CLANG_WARN_CONSTANT_CONVERSION = YES;
				CLANG_WARN_DEPRECATED_OBJC_IMPLEMENTATIONS = YES;
				CLANG_WARN_DIRECT_OBJC_ISA_USAGE = YES_ERROR;
				CLANG_WARN_DOCUMENTATION_COMMENTS = YES;
				CLANG_WARN_EMPTY_BODY = YES;
				CLANG_WARN_ENUM_CONVERSION = YES;
				CLANG_WARN_INFINITE_RECURSION = YES;
				CLANG_WARN_INT_CONVERSION = YES;
				CLANG_WARN_NON_LITERAL_NULL_CONVERSION = YES;
				CLANG_WARN_OBJC_IMPLICIT_RETAIN_SELF = YES;
				CLANG_WARN_OBJC_LITERAL_CONVERSION = YES;
				CLANG_WARN_OBJC_ROOT_CLASS = YES_ERROR;
				CLANG_WARN_QUOTED_INCLUDE_IN_FRAMEWORK_HEADER = YES;
				CLANG_WARN_RANGE_LOOP_ANALYSIS = YES;
				CLANG_WARN_STRICT_PROTOTYPES = YES;
				CLANG_WARN_SUSPICIOUS_MOVE = YES;
				CLANG_WARN_UNGUARDED_AVAILABILITY = YES_AGGRESSIVE;
				CLANG_WARN_UNREACHABLE_CODE = YES;
				CLANG_WARN__DUPLICATE_METHOD_MATCH = YES;
				COPY_PHASE_STRIP = NO;
				DEBUG_INFORMATION_FORMAT = "dwarf-with-dsym";
				ENABLE_NS_ASSERTIONS = NO;
				ENABLE_STRICT_OBJC_MSGSEND = YES;
				GCC_C_LANGUAGE_STANDARD = gnu11;
				GCC_NO_COMMON_BLOCKS = YES;
				GCC_WARN_64_TO_32_BIT_CONVERSION = YES;
				GCC_WARN_ABOUT_RETURN_TYPE = YES_ERROR;
				GCC_WARN_UNDECLARED_SELECTOR = YES;
				GCC_WARN_UNINITIALIZED_AUTOS = YES_AGGRESSIVE;
				GCC_WARN_UNUSED_FUNCTION = YES;
				GCC_WARN_UNUSED_VARIABLE = YES;
				IPHONEOS_DEPLOYMENT_TARGET = 13.0;
				MTL_ENABLE_DEBUG_INFO = NO;
				MTL_FAST_MATH = YES;
				SDKROOT = iphoneos;
				SWIFT_COMPILATION_MODE = wholemodule;
				SWIFT_OPTIMIZATION_LEVEL = "-O";
				VALIDATE_PRODUCT = YES;
			};
			name = Release;
		};
		5E769A8E24D862090024FECC /* Debug */ = {
			isa = XCBuildConfiguration;
			buildSettings = {
				ASSETCATALOG_COMPILER_APPICON_NAME = AppIcon;
				CODE_SIGN_STYLE = Automatic;
				DEVELOPMENT_TEAM = 5PKBVW8P3C;
				INFOPLIST_FILE = "Cart Flow/Info.plist";
				IPHONEOS_DEPLOYMENT_TARGET = 13.0;
				LD_RUNPATH_SEARCH_PATHS = (
					"$(inherited)",
					"@executable_path/Frameworks",
				);
				PRODUCT_BUNDLE_IDENTIFIER = "com.scottquintana.Cart-Flow";
				PRODUCT_NAME = "$(TARGET_NAME)";
				SWIFT_VERSION = 5.0;
				TARGETED_DEVICE_FAMILY = 1;
			};
			name = Debug;
		};
		5E769A8F24D862090024FECC /* Release */ = {
			isa = XCBuildConfiguration;
			buildSettings = {
				ASSETCATALOG_COMPILER_APPICON_NAME = AppIcon;
				CODE_SIGN_STYLE = Automatic;
				DEVELOPMENT_TEAM = 5PKBVW8P3C;
				INFOPLIST_FILE = "Cart Flow/Info.plist";
				IPHONEOS_DEPLOYMENT_TARGET = 13.0;
				LD_RUNPATH_SEARCH_PATHS = (
					"$(inherited)",
					"@executable_path/Frameworks",
				);
				PRODUCT_BUNDLE_IDENTIFIER = "com.scottquintana.Cart-Flow";
				PRODUCT_NAME = "$(TARGET_NAME)";
				SWIFT_VERSION = 5.0;
				TARGETED_DEVICE_FAMILY = 1;
			};
			name = Release;
		};
/* End XCBuildConfiguration section */

/* Begin XCConfigurationList section */
		5E769A7424D862010024FECC /* Build configuration list for PBXProject "Cart Flow" */ = {
			isa = XCConfigurationList;
			buildConfigurations = (
				5E769A8B24D862090024FECC /* Debug */,
				5E769A8C24D862090024FECC /* Release */,
			);
			defaultConfigurationIsVisible = 0;
			defaultConfigurationName = Release;
		};
		5E769A8D24D862090024FECC /* Build configuration list for PBXNativeTarget "Cart Flow" */ = {
			isa = XCConfigurationList;
			buildConfigurations = (
				5E769A8E24D862090024FECC /* Debug */,
				5E769A8F24D862090024FECC /* Release */,
			);
			defaultConfigurationIsVisible = 0;
			defaultConfigurationName = Release;
		};
/* End XCConfigurationList section */

/* Begin XCVersionGroup section */
		5E7FDB7324E1B28800BE904F /* DataModel.xcdatamodeld */ = {
			isa = XCVersionGroup;
			children = (
				5E7FDB7424E1B28800BE904F /* DataModel.xcdatamodel */,
			);
			currentVersion = 5E7FDB7424E1B28800BE904F /* DataModel.xcdatamodel */;
			path = DataModel.xcdatamodeld;
			sourceTree = "<group>";
			versionGroupType = wrapper.xcdatamodel;
		};
/* End XCVersionGroup section */
	};
	rootObject = 5E769A7124D862010024FECC /* Project object */;
}
